
Microsoft Visual Studio Solution File, Format Version 12.00
# Visual Studio Version 17
VisualStudioVersion = 17.4.33205.214
MinimumVisualStudioVersion = 10.0.40219.1
Project("{9A19103F-16F7-4668-BE54-9A1E7A4F7556}") = "tparf.api", "tparf.api\tparf.api.csproj", "{7BE324D9-ED41-4158-88F1-64F043F543EB}"
EndProject
Project("{9A19103F-16F7-4668-BE54-9A1E7A4F7556}") = "tparf.dto", "tparf.dto\tparf.dto.csproj", "{405390A9-EA76-47BC-954F-9695CD5741CD}"
EndProject
Project("{9A19103F-16F7-4668-BE54-9A1E7A4F7556}") = "tparf.client", "tparf.client\tparf.client.csproj", "{78660E31-78AE-4BA7-854D-F71E75909A43}"
EndProject
Global
	GlobalSection(SolutionConfigurationPlatforms) = preSolution
		Debug|Any CPU = Debug|Any CPU
		Release|Any CPU = Release|Any CPU
	EndGlobalSection
	GlobalSection(ProjectConfigurationPlatforms) = postSolution
		{7BE324D9-ED41-4158-88F1-64F043F543EB}.Debug|Any CPU.ActiveCfg = Debug|Any CPU
		{7BE324D9-ED41-4158-88F1-64F043F543EB}.Debug|Any CPU.Build.0 = Debug|Any CPU
		{7BE324D9-ED41-4158-88F1-64F043F543EB}.Release|Any CPU.ActiveCfg = Release|Any CPU
		{7BE324D9-ED41-4158-88F1-64F043F543EB}.Release|Any CPU.Build.0 = Release|Any CPU
		{405390A9-EA76-47BC-954F-9695CD5741CD}.Debug|Any CPU.ActiveCfg = Debug|Any CPU
		{405390A9-EA76-47BC-954F-9695CD5741CD}.Debug|Any CPU.Build.0 = Debug|Any CPU
		{405390A9-EA76-47BC-954F-9695CD5741CD}.Release|Any CPU.ActiveCfg = Release|Any CPU
		{405390A9-EA76-47BC-954F-9695CD5741CD}.Release|Any CPU.Build.0 = Release|Any CPU
		{78660E31-78AE-4BA7-854D-F71E75909A43}.Debug|Any CPU.ActiveCfg = Debug|Any CPU
		{78660E31-78AE-4BA7-854D-F71E75909A43}.Debug|Any CPU.Build.0 = Debug|Any CPU
		{78660E31-78AE-4BA7-854D-F71E75909A43}.Release|Any CPU.ActiveCfg = Release|Any CPU
		{78660E31-78AE-4BA7-854D-F71E75909A43}.Release|Any CPU.Build.0 = Release|Any CPU
	EndGlobalSection
	GlobalSection(SolutionProperties) = preSolution
		HideSolutionNode = FALSE
	EndGlobalSection
	GlobalSection(ExtensibilityGlobals) = postSolution
		SolutionGuid = {E4A07C79-008B-4391-94CB-35AFA06BAA23}
	EndGlobalSection
EndGlobal
